
Microsoft Visual Studio Solution File, Format Version 12.00
# Visual Studio Version 17
VisualStudioVersion = 17.12.35527.113 d17.12
MinimumVisualStudioVersion = 10.0.40219.1
Project("{FAE04EC0-301F-11D3-BF4B-00C04F79EFBC}") = "Char vs String", "Char vs String\Char vs String.csproj", "{C5B20261-BF09-462F-A3C9-2D712F8F1621}"
EndProject
Global
	GlobalSection(SolutionConfigurationPlatforms) = preSolution
		Debug|Any CPU = Debug|Any CPU
		Release|Any CPU = Release|Any CPU
	EndGlobalSection
	GlobalSection(ProjectConfigurationPlatforms) = postSolution
		{C5B20261-BF09-462F-A3C9-2D712F8F1621}.Debug|Any CPU.ActiveCfg = Debug|Any CPU
		{C5B20261-BF09-462F-A3C9-2D712F8F1621}.Debug|Any CPU.Build.0 = Debug|Any CPU
		{C5B20261-BF09-462F-A3C9-2D712F8F1621}.Release|Any CPU.ActiveCfg = Release|Any CPU
		{C5B20261-BF09-462F-A3C9-2D712F8F1621}.Release|Any CPU.Build.0 = Release|Any CPU
	EndGlobalSection
	GlobalSection(SolutionProperties) = preSolution
		HideSolutionNode = FALSE
	EndGlobalSection
EndGlobal
